// !$*UTF8*$!
{
	archiveVersion = 1;
	classes = {
	};
	objectVersion = 50;
	objects = {

/* Begin PBXBuildFile section */
		E00D3FC7258A5697003BDFA3 /* CommonExtension.framework in Frameworks */ = {isa = PBXBuildFile; fileRef = E00D3FBD258A5697003BDFA3 /* CommonExtension.framework */; };
		E00D3FCC258A5697003BDFA3 /* CommonExtensionTests.swift in Sources */ = {isa = PBXBuildFile; fileRef = E00D3FCB258A5697003BDFA3 /* CommonExtensionTests.swift */; };
		E00D3FCE258A5697003BDFA3 /* CommonExtension.h in Headers */ = {isa = PBXBuildFile; fileRef = E00D3FC0258A5697003BDFA3 /* CommonExtension.h */; settings = {ATTRIBUTES = (Public, ); }; };
		E00D3FDD258A56AD003BDFA3 /* UserDefaults.swift in Sources */ = {isa = PBXBuildFile; fileRef = E00D3FDC258A56AD003BDFA3 /* UserDefaults.swift */; };
/* End PBXBuildFile section */

/* Begin PBXContainerItemProxy section */
		E00D3FC8258A5697003BDFA3 /* PBXContainerItemProxy */ = {
			isa = PBXContainerItemProxy;
			containerPortal = E00D3FB4258A5697003BDFA3 /* Project object */;
			proxyType = 1;
			remoteGlobalIDString = E00D3FBC258A5697003BDFA3;
			remoteInfo = CommonExtension;
		};
/* End PBXContainerItemProxy section */

/* Begin PBXFileReference section */
		E00D3FBD258A5697003BDFA3 /* CommonExtension.framework */ = {isa = PBXFileReference; explicitFileType = wrapper.framework; includeInIndex = 0; path = CommonExtension.framework; sourceTree = BUILT_PRODUCTS_DIR; };
		E00D3FC0258A5697003BDFA3 /* CommonExtension.h */ = {isa = PBXFileReference; lastKnownFileType = sourcecode.c.h; path = CommonExtension.h; sourceTree = "<group>"; };
		E00D3FC1258A5697003BDFA3 /* Info.plist */ = {isa = PBXFileReference; lastKnownFileType = text.plist.xml; path = Info.plist; sourceTree = "<group>"; };
		E00D3FC6258A5697003BDFA3 /* CommonExtensionTests.xctest */ = {isa = PBXFileReference; explicitFileType = wrapper.cfbundle; includeInIndex = 0; path = CommonExtensionTests.xctest; sourceTree = BUILT_PRODUCTS_DIR; };
		E00D3FCB258A5697003BDFA3 /* CommonExtensionTests.swift */ = {isa = PBXFileReference; lastKnownFileType = sourcecode.swift; path = CommonExtensionTests.swift; sourceTree = "<group>"; };
		E00D3FCD258A5697003BDFA3 /* Info.plist */ = {isa = PBXFileReference; lastKnownFileType = text.plist.xml; path = Info.plist; sourceTree = "<group>"; };
		E00D3FDC258A56AD003BDFA3 /* UserDefaults.swift */ = {isa = PBXFileReference; fileEncoding = 4; lastKnownFileType = sourcecode.swift; path = UserDefaults.swift; sourceTree = "<group>"; };
/* End PBXFileReference section */

/* Begin PBXFrameworksBuildPhase section */
		E00D3FBA258A5697003BDFA3 /* Frameworks */ = {
			isa = PBXFrameworksBuildPhase;
			buildActionMask = 2147483647;
			files = (
			);
			runOnlyForDeploymentPostprocessing = 0;
		};
		E00D3FC3258A5697003BDFA3 /* Frameworks */ = {
			isa = PBXFrameworksBuildPhase;
			buildActionMask = 2147483647;
			files = (
				E00D3FC7258A5697003BDFA3 /* CommonExtension.framework in Frameworks */,
			);
			runOnlyForDeploymentPostprocessing = 0;
		};
/* End PBXFrameworksBuildPhase section */

/* Begin PBXGroup section */
		E00D3FB3258A5697003BDFA3 = {
			isa = PBXGroup;
			children = (
				E00D3FBF258A5697003BDFA3 /* CommonExtension */,
				E00D3FCA258A5697003BDFA3 /* CommonExtensionTests */,
				E00D3FBE258A5697003BDFA3 /* Products */,
			);
			sourceTree = "<group>";
		};
		E00D3FBE258A5697003BDFA3 /* Products */ = {
			isa = PBXGroup;
			children = (
				E00D3FBD258A5697003BDFA3 /* CommonExtension.framework */,
				E00D3FC6258A5697003BDFA3 /* CommonExtensionTests.xctest */,
			);
			name = Products;
			sourceTree = "<group>";
		};
		E00D3FBF258A5697003BDFA3 /* CommonExtension */ = {
			isa = PBXGroup;
			children = (
				E00D3FDC258A56AD003BDFA3 /* UserDefaults.swift */,
				E00D3FC0258A5697003BDFA3 /* CommonExtension.h */,
				E00D3FC1258A5697003BDFA3 /* Info.plist */,
			);
			path = CommonExtension;
			sourceTree = "<group>";
		};
		E00D3FCA258A5697003BDFA3 /* CommonExtensionTests */ = {
			isa = PBXGroup;
			children = (
				E00D3FCB258A5697003BDFA3 /* CommonExtensionTests.swift */,
				E00D3FCD258A5697003BDFA3 /* Info.plist */,
			);
			path = CommonExtensionTests;
			sourceTree = "<group>";
		};
/* End PBXGroup section */

/* Begin PBXHeadersBuildPhase section */
		E00D3FB8258A5697003BDFA3 /* Headers */ = {
			isa = PBXHeadersBuildPhase;
			buildActionMask = 2147483647;
			files = (
				E00D3FCE258A5697003BDFA3 /* CommonExtension.h in Headers */,
			);
			runOnlyForDeploymentPostprocessing = 0;
		};
/* End PBXHeadersBuildPhase section */

/* Begin PBXNativeTarget section */
		E00D3FBC258A5697003BDFA3 /* CommonExtension */ = {
			isa = PBXNativeTarget;
			buildConfigurationList = E00D3FD1258A5697003BDFA3 /* Build configuration list for PBXNativeTarget "CommonExtension" */;
			buildPhases = (
				E00D3FB8258A5697003BDFA3 /* Headers */,
				E00D3FB9258A5697003BDFA3 /* Sources */,
				E00D3FBA258A5697003BDFA3 /* Frameworks */,
				E00D3FBB258A5697003BDFA3 /* Resources */,
			);
			buildRules = (
			);
			dependencies = (
			);
			name = CommonExtension;
			productName = CommonExtension;
			productReference = E00D3FBD258A5697003BDFA3 /* CommonExtension.framework */;
			productType = "com.apple.product-type.framework";
		};
		E00D3FC5258A5697003BDFA3 /* CommonExtensionTests */ = {
			isa = PBXNativeTarget;
			buildConfigurationList = E00D3FD4258A5697003BDFA3 /* Build configuration list for PBXNativeTarget "CommonExtensionTests" */;
			buildPhases = (
				E00D3FC2258A5697003BDFA3 /* Sources */,
				E00D3FC3258A5697003BDFA3 /* Frameworks */,
				E00D3FC4258A5697003BDFA3 /* Resources */,
			);
			buildRules = (
			);
			dependencies = (
				E00D3FC9258A5697003BDFA3 /* PBXTargetDependency */,
			);
			name = CommonExtensionTests;
			productName = CommonExtensionTests;
			productReference = E00D3FC6258A5697003BDFA3 /* CommonExtensionTests.xctest */;
			productType = "com.apple.product-type.bundle.unit-test";
		};
/* End PBXNativeTarget section */

/* Begin PBXProject section */
		E00D3FB4258A5697003BDFA3 /* Project object */ = {
			isa = PBXProject;
			attributes = {
				LastSwiftUpdateCheck = 1230;
				LastUpgradeCheck = 1230;
				TargetAttributes = {
					E00D3FBC258A5697003BDFA3 = {
						CreatedOnToolsVersion = 12.3;
					};
					E00D3FC5258A5697003BDFA3 = {
						CreatedOnToolsVersion = 12.3;
					};
				};
			};
			buildConfigurationList = E00D3FB7258A5697003BDFA3 /* Build configuration list for PBXProject "CommonExtension" */;
			compatibilityVersion = "Xcode 9.3";
			developmentRegion = en;
			hasScannedForEncodings = 0;
			knownRegions = (
				en,
				Base,
			);
			mainGroup = E00D3FB3258A5697003BDFA3;
			productRefGroup = E00D3FBE258A5697003BDFA3 /* Products */;
			projectDirPath = "";
			projectRoot = "";
			targets = (
				E00D3FBC258A5697003BDFA3 /* CommonExtension */,
				E00D3FC5258A5697003BDFA3 /* CommonExtensionTests */,
			);
		};
/* End PBXProject section */

/* Begin PBXResourcesBuildPhase section */
		E00D3FBB258A5697003BDFA3 /* Resources */ = {
			isa = PBXResourcesBuildPhase;
			buildActionMask = 2147483647;
			files = (
			);
			runOnlyForDeploymentPostprocessing = 0;
		};
		E00D3FC4258A5697003BDFA3 /* Resources */ = {
			isa = PBXResourcesBuildPhase;
			buildActionMask = 2147483647;
			files = (
			);
			runOnlyForDeploymentPostprocessing = 0;
		};
/* End PBXResourcesBuildPhase section */

/* Begin PBXSourcesBuildPhase section */
		E00D3FB9258A5697003BDFA3 /* Sources */ = {
			isa = PBXSourcesBuildPhase;
			buildActionMask = 2147483647;
			files = (
				E00D3FDD258A56AD003BDFA3 /* UserDefaults.swift in Sources */,
			);
			runOnlyForDeploymentPostprocessing = 0;
		};
		E00D3FC2258A5697003BDFA3 /* Sources */ = {
			isa = PBXSourcesBuildPhase;
			buildActionMask = 2147483647;
			files = (
				E00D3FCC258A5697003BDFA3 /* CommonExtensionTests.swift in Sources */,
			);
			runOnlyForDeploymentPostprocessing = 0;
		};
/* End PBXSourcesBuildPhase section */

/* Begin PBXTargetDependency section */
		E00D3FC9258A5697003BDFA3 /* PBXTargetDependency */ = {
			isa = PBXTargetDependency;
			target = E00D3FBC258A5697003BDFA3 /* CommonExtension */;
			targetProxy = E00D3FC8258A5697003BDFA3 /* PBXContainerItemProxy */;
		};
/* End PBXTargetDependency section */

/* Begin XCBuildConfiguration section */
		E00D3FCF258A5697003BDFA3 /* Debug */ = {
			isa = XCBuildConfiguration;
			buildSettings = {
				ALWAYS_SEARCH_USER_PATHS = NO;
				CLANG_ANALYZER_NONNULL = YES;
				CLANG_ANALYZER_NUMBER_OBJECT_CONVERSION = YES_AGGRESSIVE;
				CLANG_CXX_LANGUAGE_STANDARD = "gnu++14";
				CLANG_CXX_LIBRARY = "libc++";
				CLANG_ENABLE_MODULES = YES;
				CLANG_ENABLE_OBJC_ARC = YES;
				CLANG_ENABLE_OBJC_WEAK = YES;
				CLANG_WARN_BLOCK_CAPTURE_AUTORELEASING = YES;
				CLANG_WARN_BOOL_CONVERSION = YES;
				CLANG_WARN_COMMA = YES;
				CLANG_WARN_CONSTANT_CONVERSION = YES;
				CLANG_WARN_DEPRECATED_OBJC_IMPLEMENTATIONS = YES;
				CLANG_WARN_DIRECT_OBJC_ISA_USAGE = YES_ERROR;
				CLANG_WARN_DOCUMENTATION_COMMENTS = YES;
				CLANG_WARN_EMPTY_BODY = YES;
				CLANG_WARN_ENUM_CONVERSION = YES;
				CLANG_WARN_INFINITE_RECURSION = YES;
				CLANG_WARN_INT_CONVERSION = YES;
				CLANG_WARN_NON_LITERAL_NULL_CONVERSION = YES;
				CLANG_WARN_OBJC_IMPLICIT_RETAIN_SELF = YES;
				CLANG_WARN_OBJC_LITERAL_CONVERSION = YES;
				CLANG_WARN_OBJC_ROOT_CLASS = YES_ERROR;
				CLANG_WARN_QUOTED_INCLUDE_IN_FRAMEWORK_HEADER = YES;
				CLANG_WARN_RANGE_LOOP_ANALYSIS = YES;
				CLANG_WARN_STRICT_PROTOTYPES = YES;
				CLANG_WARN_SUSPICIOUS_MOVE = YES;
				CLANG_WARN_UNGUARDED_AVAILABILITY = YES_AGGRESSIVE;
				CLANG_WARN_UNREACHABLE_CODE = YES;
				CLANG_WARN__DUPLICATE_METHOD_MATCH = YES;
				COPY_PHASE_STRIP = NO;
				CURRENT_PROJECT_VERSION = 1;
				DEBUG_INFORMATION_FORMAT = dwarf;
				ENABLE_STRICT_OBJC_MSGSEND = YES;
				ENABLE_TESTABILITY = YES;
				GCC_C_LANGUAGE_STANDARD = gnu11;
				GCC_DYNAMIC_NO_PIC = NO;
				GCC_NO_COMMON_BLOCKS = YES;
				GCC_OPTIMIZATION_LEVEL = 0;
				GCC_PREPROCESSOR_DEFINITIONS = (
					"DEBUG=1",
					"$(inherited)",
				);
				GCC_WARN_64_TO_32_BIT_CONVERSION = YES;
				GCC_WARN_ABOUT_RETURN_TYPE = YES_ERROR;
				GCC_WARN_UNDECLARED_SELECTOR = YES;
				GCC_WARN_UNINITIALIZED_AUTOS = YES_AGGRESSIVE;
				GCC_WARN_UNUSED_FUNCTION = YES;
				GCC_WARN_UNUSED_VARIABLE = YES;
				IPHONEOS_DEPLOYMENT_TARGET = 14.3;
				MTL_ENABLE_DEBUG_INFO = INCLUDE_SOURCE;
				MTL_FAST_MATH = YES;
				ONLY_ACTIVE_ARCH = YES;
				SDKROOT = iphoneos;
				SWIFT_ACTIVE_COMPILATION_CONDITIONS = DEBUG;
				SWIFT_OPTIMIZATION_LEVEL = "-Onone";
				VERSIONING_SYSTEM = "apple-generic";
				VERSION_INFO_PREFIX = "";
			};
			name = Debug;
		};
		E00D3FD0258A5697003BDFA3 /* Release */ = {
			isa = XCBuildConfiguration;
			buildSettings = {
				ALWAYS_SEARCH_USER_PATHS = NO;
				CLANG_ANALYZER_NONNULL = YES;
				CLANG_ANALYZER_NUMBER_OBJECT_CONVERSION = YES_AGGRESSIVE;
				CLANG_CXX_LANGUAGE_STANDARD = "gnu++14";
				CLANG_CXX_LIBRARY = "libc++";
				CLANG_ENABLE_MODULES = YES;
				CLANG_ENABLE_OBJC_ARC = YES;
				CLANG_ENABLE_OBJC_WEAK = YES;
				CLANG_WARN_BLOCK_CAPTURE_AUTORELEASING = YES;
				CLANG_WARN_BOOL_CONVERSION = YES;
				CLANG_WARN_COMMA = YES;
				CLANG_WARN_CONSTANT_CONVERSION = YES;
				CLANG_WARN_DEPRECATED_OBJC_IMPLEMENTATIONS = YES;
				CLANG_WARN_DIRECT_OBJC_ISA_USAGE = YES_ERROR;
				CLANG_WARN_DOCUMENTATION_COMMENTS = YES;
				CLANG_WARN_EMPTY_BODY = YES;
				CLANG_WARN_ENUM_CONVERSION = YES;
				CLANG_WARN_INFINITE_RECURSION = YES;
				CLANG_WARN_INT_CONVERSION = YES;
				CLANG_WARN_NON_LITERAL_NULL_CONVERSION = YES;
				CLANG_WARN_OBJC_IMPLICIT_RETAIN_SELF = YES;
				CLANG_WARN_OBJC_LITERAL_CONVERSION = YES;
				CLANG_WARN_OBJC_ROOT_CLASS = YES_ERROR;
				CLANG_WARN_QUOTED_INCLUDE_IN_FRAMEWORK_HEADER = YES;
				CLANG_WARN_RANGE_LOOP_ANALYSIS = YES;
				CLANG_WARN_STRICT_PROTOTYPES = YES;
				CLANG_WARN_SUSPICIOUS_MOVE = YES;
				CLANG_WARN_UNGUARDED_AVAILABILITY = YES_AGGRESSIVE;
				CLANG_WARN_UNREACHABLE_CODE = YES;
				CLANG_WARN__DUPLICATE_METHOD_MATCH = YES;
				COPY_PHASE_STRIP = NO;
				CURRENT_PROJECT_VERSION = 1;
				DEBUG_INFORMATION_FORMAT = "dwarf-with-dsym";
				ENABLE_NS_ASSERTIONS = NO;
				ENABLE_STRICT_OBJC_MSGSEND = YES;
				GCC_C_LANGUAGE_STANDARD = gnu11;
				GCC_NO_COMMON_BLOCKS = YES;
				GCC_WARN_64_TO_32_BIT_CONVERSION = YES;
				GCC_WARN_ABOUT_RETURN_TYPE = YES_ERROR;
				GCC_WARN_UNDECLARED_SELECTOR = YES;
				GCC_WARN_UNINITIALIZED_AUTOS = YES_AGGRESSIVE;
				GCC_WARN_UNUSED_FUNCTION = YES;
				GCC_WARN_UNUSED_VARIABLE = YES;
				IPHONEOS_DEPLOYMENT_TARGET = 14.3;
				MTL_ENABLE_DEBUG_INFO = NO;
				MTL_FAST_MATH = YES;
				SDKROOT = iphoneos;
				SWIFT_COMPILATION_MODE = wholemodule;
				SWIFT_OPTIMIZATION_LEVEL = "-O";
				VALIDATE_PRODUCT = YES;
				VERSIONING_SYSTEM = "apple-generic";
				VERSION_INFO_PREFIX = "";
			};
			name = Release;
		};
		E00D3FD2258A5697003BDFA3 /* Debug */ = {
			isa = XCBuildConfiguration;
			buildSettings = {
				CODE_SIGN_STYLE = Automatic;
				DEFINES_MODULE = YES;
				DEVELOPMENT_TEAM = SS7U83UJNK;
				DYLIB_COMPATIBILITY_VERSION = 1;
				DYLIB_CURRENT_VERSION = 1;
				DYLIB_INSTALL_NAME_BASE = "@rpath";
				INFOPLIST_FILE = CommonExtension/Info.plist;
				INSTALL_PATH = "$(LOCAL_LIBRARY_DIR)/Frameworks";
				LD_RUNPATH_SEARCH_PATHS = (
					"$(inherited)",
					"@executable_path/Frameworks",
					"@loader_path/Frameworks",
				);
				PRODUCT_BUNDLE_IDENTIFIER = com.jake.CommonExtension;
				PRODUCT_NAME = "$(TARGET_NAME:c99extidentifier)";
				SKIP_INSTALL = YES;
				SWIFT_VERSION = 5.0;
				TARGETED_DEVICE_FAMILY = "1,2";
			};
			name = Debug;
		};
		E00D3FD3258A5697003BDFA3 /* Release */ = {
			isa = XCBuildConfiguration;
			buildSettings = {
				CODE_SIGN_STYLE = Automatic;
				DEFINES_MODULE = YES;
				DEVELOPMENT_TEAM = SS7U83UJNK;
				DYLIB_COMPATIBILITY_VERSION = 1;
				DYLIB_CURRENT_VERSION = 1;
				DYLIB_INSTALL_NAME_BASE = "@rpath";
				INFOPLIST_FILE = CommonExtension/Info.plist;
				INSTALL_PATH = "$(LOCAL_LIBRARY_DIR)/Frameworks";
				LD_RUNPATH_SEARCH_PATHS = (
					"$(inherited)",
					"@executable_path/Frameworks",
					"@loader_path/Frameworks",
				);
				PRODUCT_BUNDLE_IDENTIFIER = com.jake.CommonExtension;
				PRODUCT_NAME = "$(TARGET_NAME:c99extidentifier)";
				SKIP_INSTALL = YES;
				SWIFT_VERSION = 5.0;
				TARGETED_DEVICE_FAMILY = "1,2";
			};
			name = Release;
		};
		E00D3FD5258A5697003BDFA3 /* Debug */ = {
			isa = XCBuildConfiguration;
			buildSettings = {
				ALWAYS_EMBED_SWIFT_STANDARD_LIBRARIES = YES;
				CODE_SIGN_STYLE = Automatic;
				DEVELOPMENT_TEAM = SS7U83UJNK;
				INFOPLIST_FILE = CommonExtensionTests/Info.plist;
				LD_RUNPATH_SEARCH_PATHS = (
					"$(inherited)",
					"@executable_path/Frameworks",
					"@loader_path/Frameworks",
				);
				PRODUCT_BUNDLE_IDENTIFIER = com.jake.CommonExtensionTests;
				PRODUCT_NAME = "$(TARGET_NAME)";
				SWIFT_VERSION = 5.0;
				TARGETED_DEVICE_FAMILY = "1,2";
			};
			name = Debug;
		};
		E00D3FD6258A5697003BDFA3 /* Release */ = {
			isa = XCBuildConfiguration;
			buildSettings = {
				ALWAYS_EMBED_SWIFT_STANDARD_LIBRARIES = YES;
				CODE_SIGN_STYLE = Automatic;
				DEVELOPMENT_TEAM = SS7U83UJNK;
				INFOPLIST_FILE = CommonExtensionTests/Info.plist;
				LD_RUNPATH_SEARCH_PATHS = (
					"$(inherited)",
					"@executable_path/Frameworks",
					"@loader_path/Frameworks",
				);
				PRODUCT_BUNDLE_IDENTIFIER = com.jake.CommonExtensionTests;
				PRODUCT_NAME = "$(TARGET_NAME)";
				SWIFT_VERSION = 5.0;
				TARGETED_DEVICE_FAMILY = "1,2";
			};
			name = Release;
		};
/* End XCBuildConfiguration section */

/* Begin XCConfigurationList section */
		E00D3FB7258A5697003BDFA3 /* Build configuration list for PBXProject "CommonExtension" */ = {
			isa = XCConfigurationList;
			buildConfigurations = (
				E00D3FCF258A5697003BDFA3 /* Debug */,
				E00D3FD0258A5697003BDFA3 /* Release */,
			);
			defaultConfigurationIsVisible = 0;
			defaultConfigurationName = Release;
		};
		E00D3FD1258A5697003BDFA3 /* Build configuration list for PBXNativeTarget "CommonExtension" */ = {
			isa = XCConfigurationList;
			buildConfigurations = (
				E00D3FD2258A5697003BDFA3 /* Debug */,
				E00D3FD3258A5697003BDFA3 /* Release */,
			);
			defaultConfigurationIsVisible = 0;
			defaultConfigurationName = Release;
		};
		E00D3FD4258A5697003BDFA3 /* Build configuration list for PBXNativeTarget "CommonExtensionTests" */ = {
			isa = XCConfigurationList;
			buildConfigurations = (
				E00D3FD5258A5697003BDFA3 /* Debug */,
				E00D3FD6258A5697003BDFA3 /* Release */,
			);
			defaultConfigurationIsVisible = 0;
			defaultConfigurationName = Release;
		};
/* End XCConfigurationList section */
	};
	rootObject = E00D3FB4258A5697003BDFA3 /* Project object */;
}
